
Microsoft Visual Studio Solution File, Format Version 12.00
# Visual Studio Version 17
VisualStudioVersion = 17.0.31903.59
MinimumVisualStudioVersion = 10.0.40219.1
Project("{FAE04EC0-301F-11D3-BF4B-00C04F79EFBC}") = "Orbit.Cli", "Orbit.Cli\src\Orbit.Cli.csproj", "{AC1E64C8-B788-4F3A-91B3-06D2D1D27C4A}"
EndProject
Project("{FAE04EC0-301F-11D3-BF4B-00C04F79EFBC}") = "Orbit.Core", "Orbit.Core\src\Orbit.Core.csproj", "{5FEE469B-710F-4D89-8914-D195A5A3BBBC}"
EndProject
Project("{FAE04EC0-301F-11D3-BF4B-00C04F79EFBC}") = "Orbit.Core.Tests", "Orbit.Core\tests\Orbit.Core.Tests.csproj", "{0B96AFD0-EF47-4FFA-8F01-33A89C39F81D}"
EndProject
Project("{FAE04EC0-301F-11D3-BF4B-00C04F79EFBC}") = "Orbit.Core.Shell.Sample", "Orbit.Core\samples\Orbit.Core.Shell.Sample.csproj", "{10C41D12-3D12-4A9F-A7A6-4FC362A9C241}"
EndProject
Global
	GlobalSection(SolutionConfigurationPlatforms) = preSolution
		Debug|Any CPU = Debug|Any CPU
		Release|Any CPU = Release|Any CPU
	EndGlobalSection
	GlobalSection(SolutionProperties) = preSolution
		HideSolutionNode = FALSE
	EndGlobalSection
	GlobalSection(ProjectConfigurationPlatforms) = postSolution
		{AC1E64C8-B788-4F3A-91B3-06D2D1D27C4A}.Debug|Any CPU.ActiveCfg = Debug|Any CPU
		{AC1E64C8-B788-4F3A-91B3-06D2D1D27C4A}.Debug|Any CPU.Build.0 = Debug|Any CPU
		{AC1E64C8-B788-4F3A-91B3-06D2D1D27C4A}.Release|Any CPU.ActiveCfg = Release|Any CPU
		{AC1E64C8-B788-4F3A-91B3-06D2D1D27C4A}.Release|Any CPU.Build.0 = Release|Any CPU
		{5FEE469B-710F-4D89-8914-D195A5A3BBBC}.Debug|Any CPU.ActiveCfg = Debug|Any CPU
		{5FEE469B-710F-4D89-8914-D195A5A3BBBC}.Debug|Any CPU.Build.0 = Debug|Any CPU
		{5FEE469B-710F-4D89-8914-D195A5A3BBBC}.Release|Any CPU.ActiveCfg = Release|Any CPU
		{5FEE469B-710F-4D89-8914-D195A5A3BBBC}.Release|Any CPU.Build.0 = Release|Any CPU
		{0B96AFD0-EF47-4FFA-8F01-33A89C39F81D}.Debug|Any CPU.ActiveCfg = Debug|Any CPU
		{0B96AFD0-EF47-4FFA-8F01-33A89C39F81D}.Debug|Any CPU.Build.0 = Debug|Any CPU
		{0B96AFD0-EF47-4FFA-8F01-33A89C39F81D}.Release|Any CPU.ActiveCfg = Release|Any CPU
		{0B96AFD0-EF47-4FFA-8F01-33A89C39F81D}.Release|Any CPU.Build.0 = Release|Any CPU
		{10C41D12-3D12-4A9F-A7A6-4FC362A9C241}.Debug|Any CPU.ActiveCfg = Debug|Any CPU
		{10C41D12-3D12-4A9F-A7A6-4FC362A9C241}.Debug|Any CPU.Build.0 = Debug|Any CPU
		{10C41D12-3D12-4A9F-A7A6-4FC362A9C241}.Release|Any CPU.ActiveCfg = Release|Any CPU
		{10C41D12-3D12-4A9F-A7A6-4FC362A9C241}.Release|Any CPU.Build.0 = Release|Any CPU
	EndGlobalSection
EndGlobal
